
Microsoft Visual Studio Solution File, Format Version 12.00
# Visual Studio Version 17
VisualStudioVersion = 17.0.31903.59
MinimumVisualStudioVersion = 10.0.40219.1
Project("{2150E333-8FDC-42A3-9474-1A3956D46DE8}") = "src", "src", "{7A4186C8-4E52-4586-B704-B972200A98B8}"
EndProject
Project("{FAE04EC0-301F-11D3-BF4B-00C04F79EFBC}") = "AdventOfCode", "src\AdventOfCode\AdventOfCode.csproj", "{D9376E1A-7D01-4E5B-BF84-DF381F0CA2EE}"
EndProject
Global
	GlobalSection(SolutionConfigurationPlatforms) = preSolution
		Debug|Any CPU = Debug|Any CPU
		Release|Any CPU = Release|Any CPU
	EndGlobalSection
	GlobalSection(SolutionProperties) = preSolution
		HideSolutionNode = FALSE
	EndGlobalSection
	GlobalSection(ProjectConfigurationPlatforms) = postSolution
		{D9376E1A-7D01-4E5B-BF84-DF381F0CA2EE}.Debug|Any CPU.ActiveCfg = Debug|Any CPU
		{D9376E1A-7D01-4E5B-BF84-DF381F0CA2EE}.Debug|Any CPU.Build.0 = Debug|Any CPU
		{D9376E1A-7D01-4E5B-BF84-DF381F0CA2EE}.Release|Any CPU.ActiveCfg = Release|Any CPU
		{D9376E1A-7D01-4E5B-BF84-DF381F0CA2EE}.Release|Any CPU.Build.0 = Release|Any CPU
	EndGlobalSection
	GlobalSection(NestedProjects) = preSolution
		{D9376E1A-7D01-4E5B-BF84-DF381F0CA2EE} = {7A4186C8-4E52-4586-B704-B972200A98B8}
	EndGlobalSection
EndGlobal
